
Microsoft Visual Studio Solution File, Format Version 12.00
# Visual Studio Version 17
VisualStudioVersion = 17.3.32901.215
MinimumVisualStudioVersion = 10.0.40219.1
Project("{FAE04EC0-301F-11D3-BF4B-00C04F79EFBC}") = "1", "zadania2\1.csproj", "{B7BD055B-C76B-49EE-BD61-005928DCBAA0}"
EndProject
Project("{FAE04EC0-301F-11D3-BF4B-00C04F79EFBC}") = "2", "2\2.csproj", "{BB6E250C-0E88-4C83-8303-F8A2A46EA3BA}"
EndProject
Project("{FAE04EC0-301F-11D3-BF4B-00C04F79EFBC}") = "3", "3\3.csproj", "{20B2D5FC-BAFC-495C-934C-EE65C3E05A1F}"
EndProject
Project("{FAE04EC0-301F-11D3-BF4B-00C04F79EFBC}") = "4", "4\4.csproj", "{6C9F971D-FCB9-483B-B002-1872DB31C488}"
EndProject
Project("{FAE04EC0-301F-11D3-BF4B-00C04F79EFBC}") = "5", "5\5.csproj", "{AF5723EF-3101-4D10-9CF0-FA09E4D7A7D4}"
EndProject
Project("{FAE04EC0-301F-11D3-BF4B-00C04F79EFBC}") = "6", "6\6.csproj", "{FCE756E2-F101-4ABA-ADD5-A1017F169E74}"
EndProject
Project("{FAE04EC0-301F-11D3-BF4B-00C04F79EFBC}") = "7", "7\7.csproj", "{4A69215A-CF88-4884-B9D7-891D7B7397CD}"
EndProject
Project("{FAE04EC0-301F-11D3-BF4B-00C04F79EFBC}") = "8", "8\8.csproj", "{B4055D8E-193F-4341-A8D8-C68882170A39}"
EndProject
Project("{FAE04EC0-301F-11D3-BF4B-00C04F79EFBC}") = "9", "9\9.csproj", "{56EBB79C-1759-4ABF-A29D-9FAC0830B286}"
EndProject
Global
	GlobalSection(SolutionConfigurationPlatforms) = preSolution
		Debug|Any CPU = Debug|Any CPU
		Release|Any CPU = Release|Any CPU
	EndGlobalSection
	GlobalSection(ProjectConfigurationPlatforms) = postSolution
		{B7BD055B-C76B-49EE-BD61-005928DCBAA0}.Debug|Any CPU.ActiveCfg = Debug|Any CPU
		{B7BD055B-C76B-49EE-BD61-005928DCBAA0}.Debug|Any CPU.Build.0 = Debug|Any CPU
		{B7BD055B-C76B-49EE-BD61-005928DCBAA0}.Release|Any CPU.ActiveCfg = Release|Any CPU
		{B7BD055B-C76B-49EE-BD61-005928DCBAA0}.Release|Any CPU.Build.0 = Release|Any CPU
		{BB6E250C-0E88-4C83-8303-F8A2A46EA3BA}.Debug|Any CPU.ActiveCfg = Debug|Any CPU
		{BB6E250C-0E88-4C83-8303-F8A2A46EA3BA}.Debug|Any CPU.Build.0 = Debug|Any CPU
		{BB6E250C-0E88-4C83-8303-F8A2A46EA3BA}.Release|Any CPU.ActiveCfg = Release|Any CPU
		{BB6E250C-0E88-4C83-8303-F8A2A46EA3BA}.Release|Any CPU.Build.0 = Release|Any CPU
		{20B2D5FC-BAFC-495C-934C-EE65C3E05A1F}.Debug|Any CPU.ActiveCfg = Debug|Any CPU
		{20B2D5FC-BAFC-495C-934C-EE65C3E05A1F}.Debug|Any CPU.Build.0 = Debug|Any CPU
		{20B2D5FC-BAFC-495C-934C-EE65C3E05A1F}.Release|Any CPU.ActiveCfg = Release|Any CPU
		{20B2D5FC-BAFC-495C-934C-EE65C3E05A1F}.Release|Any CPU.Build.0 = Release|Any CPU
		{6C9F971D-FCB9-483B-B002-1872DB31C488}.Debug|Any CPU.ActiveCfg = Debug|Any CPU
		{6C9F971D-FCB9-483B-B002-1872DB31C488}.Debug|Any CPU.Build.0 = Debug|Any CPU
		{6C9F971D-FCB9-483B-B002-1872DB31C488}.Release|Any CPU.ActiveCfg = Release|Any CPU
		{6C9F971D-FCB9-483B-B002-1872DB31C488}.Release|Any CPU.Build.0 = Release|Any CPU
		{AF5723EF-3101-4D10-9CF0-FA09E4D7A7D4}.Debug|Any CPU.ActiveCfg = Debug|Any CPU
		{AF5723EF-3101-4D10-9CF0-FA09E4D7A7D4}.Debug|Any CPU.Build.0 = Debug|Any CPU
		{AF5723EF-3101-4D10-9CF0-FA09E4D7A7D4}.Release|Any CPU.ActiveCfg = Release|Any CPU
		{AF5723EF-3101-4D10-9CF0-FA09E4D7A7D4}.Release|Any CPU.Build.0 = Release|Any CPU
		{FCE756E2-F101-4ABA-ADD5-A1017F169E74}.Debug|Any CPU.ActiveCfg = Debug|Any CPU
		{FCE756E2-F101-4ABA-ADD5-A1017F169E74}.Debug|Any CPU.Build.0 = Debug|Any CPU
		{FCE756E2-F101-4ABA-ADD5-A1017F169E74}.Release|Any CPU.ActiveCfg = Release|Any CPU
		{FCE756E2-F101-4ABA-ADD5-A1017F169E74}.Release|Any CPU.Build.0 = Release|Any CPU
		{4A69215A-CF88-4884-B9D7-891D7B7397CD}.Debug|Any CPU.ActiveCfg = Debug|Any CPU
		{4A69215A-CF88-4884-B9D7-891D7B7397CD}.Debug|Any CPU.Build.0 = Debug|Any CPU
		{4A69215A-CF88-4884-B9D7-891D7B7397CD}.Release|Any CPU.ActiveCfg = Release|Any CPU
		{4A69215A-CF88-4884-B9D7-891D7B7397CD}.Release|Any CPU.Build.0 = Release|Any CPU
		{B4055D8E-193F-4341-A8D8-C68882170A39}.Debug|Any CPU.ActiveCfg = Debug|Any CPU
		{B4055D8E-193F-4341-A8D8-C68882170A39}.Debug|Any CPU.Build.0 = Debug|Any CPU
		{B4055D8E-193F-4341-A8D8-C68882170A39}.Release|Any CPU.ActiveCfg = Release|Any CPU
		{B4055D8E-193F-4341-A8D8-C68882170A39}.Release|Any CPU.Build.0 = Release|Any CPU
		{56EBB79C-1759-4ABF-A29D-9FAC0830B286}.Debug|Any CPU.ActiveCfg = Debug|Any CPU
		{56EBB79C-1759-4ABF-A29D-9FAC0830B286}.Debug|Any CPU.Build.0 = Debug|Any CPU
		{56EBB79C-1759-4ABF-A29D-9FAC0830B286}.Release|Any CPU.ActiveCfg = Release|Any CPU
		{56EBB79C-1759-4ABF-A29D-9FAC0830B286}.Release|Any CPU.Build.0 = Release|Any CPU
	EndGlobalSection
	GlobalSection(SolutionProperties) = preSolution
		HideSolutionNode = FALSE
	EndGlobalSection
	GlobalSection(ExtensibilityGlobals) = postSolution
		SolutionGuid = {7518CFB1-3CB8-4E91-888C-AF0DE0960A99}
	EndGlobalSection
EndGlobal
